// !$*UTF8*$!
{
	archiveVersion = 1;
	classes = {
	};
	objectVersion = 50;
	objects = {

/* Begin PBXBuildFile section */
		DC2766C021FCD3AE00497F4C /* AppDelegate.swift in Sources */ = {isa = PBXBuildFile; fileRef = DC2766BF21FCD3AE00497F4C /* AppDelegate.swift */; };
		DC2766C521FCD3AE00497F4C /* Main.storyboard in Resources */ = {isa = PBXBuildFile; fileRef = DC2766C321FCD3AE00497F4C /* Main.storyboard */; };
		DC2766C721FCD3AF00497F4C /* Assets.xcassets in Resources */ = {isa = PBXBuildFile; fileRef = DC2766C621FCD3AF00497F4C /* Assets.xcassets */; };
		DC2766CA21FCD3AF00497F4C /* LaunchScreen.storyboard in Resources */ = {isa = PBXBuildFile; fileRef = DC2766C821FCD3AF00497F4C /* LaunchScreen.storyboard */; };
		DC2766DD21FCDE5400497F4C /* Person.swift in Sources */ = {isa = PBXBuildFile; fileRef = DC2766DC21FCDE5400497F4C /* Person.swift */; };
		DC2766DF21FCE0C000497F4C /* Relationship.swift in Sources */ = {isa = PBXBuildFile; fileRef = DC2766DE21FCE0C000497F4C /* Relationship.swift */; };
/* End PBXBuildFile section */

/* Begin PBXFileReference section */
		DC2766BC21FCD3AE00497F4C /* friendRater.app */ = {isa = PBXFileReference; explicitFileType = wrapper.application; includeInIndex = 0; path = friendRater.app; sourceTree = BUILT_PRODUCTS_DIR; };
		DC2766BF21FCD3AE00497F4C /* AppDelegate.swift */ = {isa = PBXFileReference; lastKnownFileType = sourcecode.swift; path = AppDelegate.swift; sourceTree = "<group>"; };
		DC2766C421FCD3AE00497F4C /* Base */ = {isa = PBXFileReference; lastKnownFileType = file.storyboard; name = Base; path = Base.lproj/Main.storyboard; sourceTree = "<group>"; };
		DC2766C621FCD3AF00497F4C /* Assets.xcassets */ = {isa = PBXFileReference; lastKnownFileType = folder.assetcatalog; path = Assets.xcassets; sourceTree = "<group>"; };
		DC2766C921FCD3AF00497F4C /* Base */ = {isa = PBXFileReference; lastKnownFileType = file.storyboard; name = Base; path = Base.lproj/LaunchScreen.storyboard; sourceTree = "<group>"; };
		DC2766CB21FCD3AF00497F4C /* Info.plist */ = {isa = PBXFileReference; lastKnownFileType = text.plist.xml; path = Info.plist; sourceTree = "<group>"; };
		DC2766DC21FCDE5400497F4C /* Person.swift */ = {isa = PBXFileReference; lastKnownFileType = sourcecode.swift; path = Person.swift; sourceTree = "<group>"; };
		DC2766DE21FCE0C000497F4C /* Relationship.swift */ = {isa = PBXFileReference; lastKnownFileType = sourcecode.swift; path = Relationship.swift; sourceTree = "<group>"; };
/* End PBXFileReference section */

/* Begin PBXFrameworksBuildPhase section */
		DC2766B921FCD3AE00497F4C /* Frameworks */ = {
			isa = PBXFrameworksBuildPhase;
			buildActionMask = 2147483647;
			files = (
			);
			runOnlyForDeploymentPostprocessing = 0;
		};
/* End PBXFrameworksBuildPhase section */

/* Begin PBXGroup section */
		DC2766B321FCD3AE00497F4C = {
			isa = PBXGroup;
			children = (
				DC2766BE21FCD3AE00497F4C /* friendRater */,
				DC2766BD21FCD3AE00497F4C /* Products */,
			);
			sourceTree = "<group>";
		};
		DC2766BD21FCD3AE00497F4C /* Products */ = {
			isa = PBXGroup;
			children = (
				DC2766BC21FCD3AE00497F4C /* friendRater.app */,
			);
			name = Products;
			sourceTree = "<group>";
		};
		DC2766BE21FCD3AE00497F4C /* friendRater */ = {
			isa = PBXGroup;
			children = (
				DC2766DA21FCD6B900497F4C /* Models */,
				DC2766D921FCD6B700497F4C /* Views */,
				DC2766D821FCD6B500497F4C /* View Controllers */,
				DC2766D721FCD6B400497F4C /* Storyboards */,
				DC2766D621FCD6B100497F4C /* New Group */,
				DC2766C321FCD3AE00497F4C /* Main.storyboard */,
				DC2766DB21FCD6D200497F4C /* Resources */,
			);
			path = friendRater;
			sourceTree = "<group>";
		};
		DC2766D621FCD6B100497F4C /* New Group */ = {
			isa = PBXGroup;
			children = (
			);
			path = "New Group";
			sourceTree = "<group>";
		};
		DC2766D721FCD6B400497F4C /* Storyboards */ = {
			isa = PBXGroup;
			children = (
			);
			path = Storyboards;
			sourceTree = "<group>";
		};
		DC2766D821FCD6B500497F4C /* View Controllers */ = {
			isa = PBXGroup;
			children = (
			);
			path = "View Controllers";
			sourceTree = "<group>";
		};
		DC2766D921FCD6B700497F4C /* Views */ = {
			isa = PBXGroup;
			children = (
			);
			path = Views;
			sourceTree = "<group>";
		};
		DC2766DA21FCD6B900497F4C /* Models */ = {
			isa = PBXGroup;
			children = (
				DC2766DC21FCDE5400497F4C /* Person.swift */,
				DC2766DE21FCE0C000497F4C /* Relationship.swift */,
			);
			path = Models;
			sourceTree = "<group>";
		};
		DC2766DB21FCD6D200497F4C /* Resources */ = {
			isa = PBXGroup;
			children = (
				DC2766C621FCD3AF00497F4C /* Assets.xcassets */,
				DC2766C821FCD3AF00497F4C /* LaunchScreen.storyboard */,
				DC2766BF21FCD3AE00497F4C /* AppDelegate.swift */,
				DC2766CB21FCD3AF00497F4C /* Info.plist */,
			);
			path = Resources;
			sourceTree = "<group>";
		};
/* End PBXGroup section */

/* Begin PBXNativeTarget section */
		DC2766BB21FCD3AE00497F4C /* friendRater */ = {
			isa = PBXNativeTarget;
			buildConfigurationList = DC2766CE21FCD3AF00497F4C /* Build configuration list for PBXNativeTarget "friendRater" */;
			buildPhases = (
				DC2766B821FCD3AE00497F4C /* Sources */,
				DC2766B921FCD3AE00497F4C /* Frameworks */,
				DC2766BA21FCD3AE00497F4C /* Resources */,
			);
			buildRules = (
			);
			dependencies = (
			);
			name = friendRater;
			productName = friendRater;
			productReference = DC2766BC21FCD3AE00497F4C /* friendRater.app */;
			productType = "com.apple.product-type.application";
		};
/* End PBXNativeTarget section */

/* Begin PBXProject section */
		DC2766B421FCD3AE00497F4C /* Project object */ = {
			isa = PBXProject;
			attributes = {
				LastSwiftUpdateCheck = 1010;
				LastUpgradeCheck = 1010;
				ORGANIZATIONNAME = "Bravo Zulu Apps";
				TargetAttributes = {
					DC2766BB21FCD3AE00497F4C = {
						CreatedOnToolsVersion = 10.1;
					};
				};
			};
			buildConfigurationList = DC2766B721FCD3AE00497F4C /* Build configuration list for PBXProject "friendRater" */;
			compatibilityVersion = "Xcode 9.3";
			developmentRegion = en;
			hasScannedForEncodings = 0;
			knownRegions = (
				en,
				Base,
			);
			mainGroup = DC2766B321FCD3AE00497F4C;
			productRefGroup = DC2766BD21FCD3AE00497F4C /* Products */;
			projectDirPath = "";
			projectRoot = "";
			targets = (
				DC2766BB21FCD3AE00497F4C /* friendRater */,
			);
		};
/* End PBXProject section */

/* Begin PBXResourcesBuildPhase section */
		DC2766BA21FCD3AE00497F4C /* Resources */ = {
			isa = PBXResourcesBuildPhase;
			buildActionMask = 2147483647;
			files = (
				DC2766CA21FCD3AF00497F4C /* LaunchScreen.storyboard in Resources */,
				DC2766C721FCD3AF00497F4C /* Assets.xcassets in Resources */,
				DC2766C521FCD3AE00497F4C /* Main.storyboard in Resources */,
			);
			runOnlyForDeploymentPostprocessing = 0;
		};
/* End PBXResourcesBuildPhase section */

/* Begin PBXSourcesBuildPhase section */
		DC2766B821FCD3AE00497F4C /* Sources */ = {
			isa = PBXSourcesBuildPhase;
			buildActionMask = 2147483647;
			files = (
				DC2766DD21FCDE5400497F4C /* Person.swift in Sources */,
				DC2766DF21FCE0C000497F4C /* Relationship.swift in Sources */,
				DC2766C021FCD3AE00497F4C /* AppDelegate.swift in Sources */,
			);
			runOnlyForDeploymentPostprocessing = 0;
		};
/* End PBXSourcesBuildPhase section */

/* Begin PBXVariantGroup section */
		DC2766C321FCD3AE00497F4C /* Main.storyboard */ = {
			isa = PBXVariantGroup;
			children = (
				DC2766C421FCD3AE00497F4C /* Base */,
			);
			name = Main.storyboard;
			sourceTree = "<group>";
		};
		DC2766C821FCD3AF00497F4C /* LaunchScreen.storyboard */ = {
			isa = PBXVariantGroup;
			children = (
				DC2766C921FCD3AF00497F4C /* Base */,
			);
			name = LaunchScreen.storyboard;
			sourceTree = "<group>";
		};
/* End PBXVariantGroup section */

/* Begin XCBuildConfiguration section */
		DC2766CC21FCD3AF00497F4C /* Debug */ = {
			isa = XCBuildConfiguration;
			buildSettings = {
				ALWAYS_SEARCH_USER_PATHS = NO;
				CLANG_ANALYZER_NONNULL = YES;
				CLANG_ANALYZER_NUMBER_OBJECT_CONVERSION = YES_AGGRESSIVE;
				CLANG_CXX_LANGUAGE_STANDARD = "gnu++14";
				CLANG_CXX_LIBRARY = "libc++";
				CLANG_ENABLE_MODULES = YES;
				CLANG_ENABLE_OBJC_ARC = YES;
				CLANG_ENABLE_OBJC_WEAK = YES;
				CLANG_WARN_BLOCK_CAPTURE_AUTORELEASING = YES;
				CLANG_WARN_BOOL_CONVERSION = YES;
				CLANG_WARN_COMMA = YES;
				CLANG_WARN_CONSTANT_CONVERSION = YES;
				CLANG_WARN_DEPRECATED_OBJC_IMPLEMENTATIONS = YES;
				CLANG_WARN_DIRECT_OBJC_ISA_USAGE = YES_ERROR;
				CLANG_WARN_DOCUMENTATION_COMMENTS = YES;
				CLANG_WARN_EMPTY_BODY = YES;
				CLANG_WARN_ENUM_CONVERSION = YES;
				CLANG_WARN_INFINITE_RECURSION = YES;
				CLANG_WARN_INT_CONVERSION = YES;
				CLANG_WARN_NON_LITERAL_NULL_CONVERSION = YES;
				CLANG_WARN_OBJC_IMPLICIT_RETAIN_SELF = YES;
				CLANG_WARN_OBJC_LITERAL_CONVERSION = YES;
				CLANG_WARN_OBJC_ROOT_CLASS = YES_ERROR;
				CLANG_WARN_RANGE_LOOP_ANALYSIS = YES;
				CLANG_WARN_STRICT_PROTOTYPES = YES;
				CLANG_WARN_SUSPICIOUS_MOVE = YES;
				CLANG_WARN_UNGUARDED_AVAILABILITY = YES_AGGRESSIVE;
				CLANG_WARN_UNREACHABLE_CODE = YES;
				CLANG_WARN__DUPLICATE_METHOD_MATCH = YES;
				CODE_SIGN_IDENTITY = "iPhone Developer";
				COPY_PHASE_STRIP = NO;
				DEBUG_INFORMATION_FORMAT = dwarf;
				ENABLE_STRICT_OBJC_MSGSEND = YES;
				ENABLE_TESTABILITY = YES;
				GCC_C_LANGUAGE_STANDARD = gnu11;
				GCC_DYNAMIC_NO_PIC = NO;
				GCC_NO_COMMON_BLOCKS = YES;
				GCC_OPTIMIZATION_LEVEL = 0;
				GCC_PREPROCESSOR_DEFINITIONS = (
					"DEBUG=1",
					"$(inherited)",
				);
				GCC_WARN_64_TO_32_BIT_CONVERSION = YES;
				GCC_WARN_ABOUT_RETURN_TYPE = YES_ERROR;
				GCC_WARN_UNDECLARED_SELECTOR = YES;
				GCC_WARN_UNINITIALIZED_AUTOS = YES_AGGRESSIVE;
				GCC_WARN_UNUSED_FUNCTION = YES;
				GCC_WARN_UNUSED_VARIABLE = YES;
				IPHONEOS_DEPLOYMENT_TARGET = 12.1;
				MTL_ENABLE_DEBUG_INFO = INCLUDE_SOURCE;
				MTL_FAST_MATH = YES;
				ONLY_ACTIVE_ARCH = YES;
				SDKROOT = iphoneos;
				SWIFT_ACTIVE_COMPILATION_CONDITIONS = DEBUG;
				SWIFT_OPTIMIZATION_LEVEL = "-Onone";
			};
			name = Debug;
		};
		DC2766CD21FCD3AF00497F4C /* Release */ = {
			isa = XCBuildConfiguration;
			buildSettings = {
				ALWAYS_SEARCH_USER_PATHS = NO;
				CLANG_ANALYZER_NONNULL = YES;
				CLANG_ANALYZER_NUMBER_OBJECT_CONVERSION = YES_AGGRESSIVE;
				CLANG_CXX_LANGUAGE_STANDARD = "gnu++14";
				CLANG_CXX_LIBRARY = "libc++";
				CLANG_ENABLE_MODULES = YES;
				CLANG_ENABLE_OBJC_ARC = YES;
				CLANG_ENABLE_OBJC_WEAK = YES;
				CLANG_WARN_BLOCK_CAPTURE_AUTORELEASING = YES;
				CLANG_WARN_BOOL_CONVERSION = YES;
				CLANG_WARN_COMMA = YES;
				CLANG_WARN_CONSTANT_CONVERSION = YES;
				CLANG_WARN_DEPRECATED_OBJC_IMPLEMENTATIONS = YES;
				CLANG_WARN_DIRECT_OBJC_ISA_USAGE = YES_ERROR;
				CLANG_WARN_DOCUMENTATION_COMMENTS = YES;
				CLANG_WARN_EMPTY_BODY = YES;
				CLANG_WARN_ENUM_CONVERSION = YES;
				CLANG_WARN_INFINITE_RECURSION = YES;
				CLANG_WARN_INT_CONVERSION = YES;
				CLANG_WARN_NON_LITERAL_NULL_CONVERSION = YES;
				CLANG_WARN_OBJC_IMPLICIT_RETAIN_SELF = YES;
				CLANG_WARN_OBJC_LITERAL_CONVERSION = YES;
				CLANG_WARN_OBJC_ROOT_CLASS = YES_ERROR;
				CLANG_WARN_RANGE_LOOP_ANALYSIS = YES;
				CLANG_WARN_STRICT_PROTOTYPES = YES;
				CLANG_WARN_SUSPICIOUS_MOVE = YES;
				CLANG_WARN_UNGUARDED_AVAILABILITY = YES_AGGRESSIVE;
				CLANG_WARN_UNREACHABLE_CODE = YES;
				CLANG_WARN__DUPLICATE_METHOD_MATCH = YES;
				CODE_SIGN_IDENTITY = "iPhone Developer";
				COPY_PHASE_STRIP = NO;
				DEBUG_INFORMATION_FORMAT = "dwarf-with-dsym";
				ENABLE_NS_ASSERTIONS = NO;
				ENABLE_STRICT_OBJC_MSGSEND = YES;
				GCC_C_LANGUAGE_STANDARD = gnu11;
				GCC_NO_COMMON_BLOCKS = YES;
				GCC_WARN_64_TO_32_BIT_CONVERSION = YES;
				GCC_WARN_ABOUT_RETURN_TYPE = YES_ERROR;
				GCC_WARN_UNDECLARED_SELECTOR = YES;
				GCC_WARN_UNINITIALIZED_AUTOS = YES_AGGRESSIVE;
				GCC_WARN_UNUSED_FUNCTION = YES;
				GCC_WARN_UNUSED_VARIABLE = YES;
				IPHONEOS_DEPLOYMENT_TARGET = 12.1;
				MTL_ENABLE_DEBUG_INFO = NO;
				MTL_FAST_MATH = YES;
				SDKROOT = iphoneos;
				SWIFT_COMPILATION_MODE = wholemodule;
				SWIFT_OPTIMIZATION_LEVEL = "-O";
				VALIDATE_PRODUCT = YES;
			};
			name = Release;
		};
		DC2766CF21FCD3AF00497F4C /* Debug */ = {
			isa = XCBuildConfiguration;
			buildSettings = {
				ASSETCATALOG_COMPILER_APPICON_NAME = AppIcon;
				CODE_SIGN_STYLE = Automatic;
				DEVELOPMENT_TEAM = 7RHAGP4FBH;
				INFOPLIST_FILE = "$(SRCROOT)/friendRater/Resources/Info.plist";
				LD_RUNPATH_SEARCH_PATHS = (
					"$(inherited)",
					"@executable_path/Frameworks",
				);
				PRODUCT_BUNDLE_IDENTIFIER = com.BravoZuluApps.friendRater;
				PRODUCT_NAME = "$(TARGET_NAME)";
				SWIFT_VERSION = 4.2;
				TARGETED_DEVICE_FAMILY = "1,2";
			};
			name = Debug;
		};
		DC2766D021FCD3AF00497F4C /* Release */ = {
			isa = XCBuildConfiguration;
			buildSettings = {
				ASSETCATALOG_COMPILER_APPICON_NAME = AppIcon;
				CODE_SIGN_STYLE = Automatic;
				DEVELOPMENT_TEAM = 7RHAGP4FBH;
				INFOPLIST_FILE = "$(SRCROOT)/friendRater/Resources/Info.plist";
				LD_RUNPATH_SEARCH_PATHS = (
					"$(inherited)",
					"@executable_path/Frameworks",
				);
				PRODUCT_BUNDLE_IDENTIFIER = com.BravoZuluApps.friendRater;
				PRODUCT_NAME = "$(TARGET_NAME)";
				SWIFT_VERSION = 4.2;
				TARGETED_DEVICE_FAMILY = "1,2";
			};
			name = Release;
		};
/* End XCBuildConfiguration section */

/* Begin XCConfigurationList section */
		DC2766B721FCD3AE00497F4C /* Build configuration list for PBXProject "friendRater" */ = {
			isa = XCConfigurationList;
			buildConfigurations = (
				DC2766CC21FCD3AF00497F4C /* Debug */,
				DC2766CD21FCD3AF00497F4C /* Release */,
			);
			defaultConfigurationIsVisible = 0;
			defaultConfigurationName = Release;
		};
		DC2766CE21FCD3AF00497F4C /* Build configuration list for PBXNativeTarget "friendRater" */ = {
			isa = XCConfigurationList;
			buildConfigurations = (
				DC2766CF21FCD3AF00497F4C /* Debug */,
				DC2766D021FCD3AF00497F4C /* Release */,
			);
			defaultConfigurationIsVisible = 0;
			defaultConfigurationName = Release;
		};
/* End XCConfigurationList section */
	};
	rootObject = DC2766B421FCD3AE00497F4C /* Project object */;
}
